
Microsoft Visual Studio Solution File, Format Version 12.00
# Visual Studio Version 17
VisualStudioVersion = 17.10.35122.118
MinimumVisualStudioVersion = 10.0.40219.1
Project("{FAE04EC0-301F-11D3-BF4B-00C04F79EFBC}") = "switch", "switch\switch.csproj", "{39255846-8D9F-470B-BC70-1222EBF3C667}"
EndProject
Global
	GlobalSection(SolutionConfigurationPlatforms) = preSolution
		Debug|Any CPU = Debug|Any CPU
		Release|Any CPU = Release|Any CPU
	EndGlobalSection
	GlobalSection(ProjectConfigurationPlatforms) = postSolution
		{39255846-8D9F-470B-BC70-1222EBF3C667}.Debug|Any CPU.ActiveCfg = Debug|Any CPU
		{39255846-8D9F-470B-BC70-1222EBF3C667}.Debug|Any CPU.Build.0 = Debug|Any CPU
		{39255846-8D9F-470B-BC70-1222EBF3C667}.Release|Any CPU.ActiveCfg = Release|Any CPU
		{39255846-8D9F-470B-BC70-1222EBF3C667}.Release|Any CPU.Build.0 = Release|Any CPU
	EndGlobalSection
	GlobalSection(SolutionProperties) = preSolution
		HideSolutionNode = FALSE
	EndGlobalSection
	GlobalSection(ExtensibilityGlobals) = postSolution
		SolutionGuid = {18D3B6C1-E5F6-440E-AE41-C1ADAD13C884}
	EndGlobalSection
EndGlobal
